
Microsoft Visual Studio Solution File, Format Version 12.00
# Visual Studio 15
VisualStudioVersion = 15.0.28307.421
MinimumVisualStudioVersion = 10.0.40219.1
Project("{9A19103F-16F7-4668-BE54-9A1E7A4F7556}") = "SnowRabbit", "Projects\SnowRabbit\SnowRabbit.csproj", "{F81DB04E-0142-4F9F-B3F1-1B0321DDC6DB}"
EndProject
Project("{FAE04EC0-301F-11D3-BF4B-00C04F79EFBC}") = "SnowRabbitTest", ".NonUnityTarget\SnowRabbitTest\SnowRabbitTest.csproj", "{09944433-6C96-4F27-9A05-61EF9E5FAADD}"
EndProject
Global
	GlobalSection(SolutionConfigurationPlatforms) = preSolution
		Debug|Any CPU = Debug|Any CPU
		Release|Any CPU = Release|Any CPU
	EndGlobalSection
	GlobalSection(ProjectConfigurationPlatforms) = postSolution
		{F81DB04E-0142-4F9F-B3F1-1B0321DDC6DB}.Debug|Any CPU.ActiveCfg = Debug|Any CPU
		{F81DB04E-0142-4F9F-B3F1-1B0321DDC6DB}.Debug|Any CPU.Build.0 = Debug|Any CPU
		{F81DB04E-0142-4F9F-B3F1-1B0321DDC6DB}.Release|Any CPU.ActiveCfg = Release|Any CPU
		{F81DB04E-0142-4F9F-B3F1-1B0321DDC6DB}.Release|Any CPU.Build.0 = Release|Any CPU
		{09944433-6C96-4F27-9A05-61EF9E5FAADD}.Debug|Any CPU.ActiveCfg = Debug|Any CPU
		{09944433-6C96-4F27-9A05-61EF9E5FAADD}.Debug|Any CPU.Build.0 = Debug|Any CPU
		{09944433-6C96-4F27-9A05-61EF9E5FAADD}.Release|Any CPU.ActiveCfg = Release|Any CPU
		{09944433-6C96-4F27-9A05-61EF9E5FAADD}.Release|Any CPU.Build.0 = Release|Any CPU
	EndGlobalSection
	GlobalSection(SolutionProperties) = preSolution
		HideSolutionNode = FALSE
	EndGlobalSection
	GlobalSection(ExtensibilityGlobals) = postSolution
		SolutionGuid = {08483274-EB20-4F7A-9BE7-94F03D3BB259}
	EndGlobalSection
EndGlobal
