
Microsoft Visual Studio Solution File, Format Version 12.00
# Visual Studio Version 16
VisualStudioVersion = 16.0.28803.202
MinimumVisualStudioVersion = 10.0.40219.1
Project("{9A19103F-16F7-4668-BE54-9A1E7A4F7556}") = "SnowRabbit", "Runtime\SnowRabbit.csproj", "{F81DB04E-0142-4F9F-B3F1-1B0321DDC6DB}"
EndProject
Global
	GlobalSection(SolutionConfigurationPlatforms) = preSolution
		Debug|Any CPU = Debug|Any CPU
		Release|Any CPU = Release|Any CPU
		Trace|Any CPU = Trace|Any CPU
	EndGlobalSection
	GlobalSection(ProjectConfigurationPlatforms) = postSolution
		{F81DB04E-0142-4F9F-B3F1-1B0321DDC6DB}.Debug|Any CPU.ActiveCfg = Debug|Any CPU
		{F81DB04E-0142-4F9F-B3F1-1B0321DDC6DB}.Debug|Any CPU.Build.0 = Debug|Any CPU
		{F81DB04E-0142-4F9F-B3F1-1B0321DDC6DB}.Release|Any CPU.ActiveCfg = Release|Any CPU
		{F81DB04E-0142-4F9F-B3F1-1B0321DDC6DB}.Release|Any CPU.Build.0 = Release|Any CPU
		{F81DB04E-0142-4F9F-B3F1-1B0321DDC6DB}.Trace|Any CPU.ActiveCfg = Trace|Any CPU
		{F81DB04E-0142-4F9F-B3F1-1B0321DDC6DB}.Trace|Any CPU.Build.0 = Trace|Any CPU
	EndGlobalSection
	GlobalSection(SolutionProperties) = preSolution
		HideSolutionNode = FALSE
	EndGlobalSection
	GlobalSection(ExtensibilityGlobals) = postSolution
		SolutionGuid = {08483274-EB20-4F7A-9BE7-94F03D3BB259}
	EndGlobalSection
EndGlobal
